// !$*UTF8*$!
{
	archiveVersion = 1;
	classes = {
	};
	objectVersion = 55;
	objects = {

/* Begin PBXBuildFile section */
		13FF0180F2FE2334179A591A /* Pods_ChatAppTests.framework in Frameworks */ = {isa = PBXBuildFile; fileRef = CE41AFA33E5357B496D15B5C /* Pods_ChatAppTests.framework */; };
		1C703CDCF42C14E214174BE8 /* Pods_ChatApp.framework in Frameworks */ = {isa = PBXBuildFile; fileRef = 4CD17F0217FFB176C3704CB6 /* Pods_ChatApp.framework */; };
		3FF1756628B3AF68003345FB /* AppDelegate.swift in Sources */ = {isa = PBXBuildFile; fileRef = 3FF1756528B3AF68003345FB /* AppDelegate.swift */; };
		3FF1756828B3AF68003345FB /* SceneDelegate.swift in Sources */ = {isa = PBXBuildFile; fileRef = 3FF1756728B3AF68003345FB /* SceneDelegate.swift */; };
		3FF1756D28B3AF68003345FB /* Main.storyboard in Resources */ = {isa = PBXBuildFile; fileRef = 3FF1756B28B3AF68003345FB /* Main.storyboard */; };
		3FF1756F28B3AF6A003345FB /* Assets.xcassets in Resources */ = {isa = PBXBuildFile; fileRef = 3FF1756E28B3AF6A003345FB /* Assets.xcassets */; };
		3FF1757228B3AF6A003345FB /* LaunchScreen.storyboard in Resources */ = {isa = PBXBuildFile; fileRef = 3FF1757028B3AF6A003345FB /* LaunchScreen.storyboard */; };
		3FF1757D28B3AF6A003345FB /* ChatAppTests.swift in Sources */ = {isa = PBXBuildFile; fileRef = 3FF1757C28B3AF6A003345FB /* ChatAppTests.swift */; };
		3FF1758728B3AF6A003345FB /* ChatAppUITests.swift in Sources */ = {isa = PBXBuildFile; fileRef = 3FF1758628B3AF6A003345FB /* ChatAppUITests.swift */; };
		3FF1758928B3AF6A003345FB /* ChatAppUITestsLaunchTests.swift in Sources */ = {isa = PBXBuildFile; fileRef = 3FF1758828B3AF6A003345FB /* ChatAppUITestsLaunchTests.swift */; };
		3FF1759628B3AFD7003345FB /* GoogleService-Info-2.plist in Resources */ = {isa = PBXBuildFile; fileRef = 3FF1759528B3AFD7003345FB /* GoogleService-Info-2.plist */; };
		3FF1759A28B3E077003345FB /* WelcomeViewController.swift in Sources */ = {isa = PBXBuildFile; fileRef = 3FF1759928B3E077003345FB /* WelcomeViewController.swift */; };
		3FF1759C28B3E0A7003345FB /* RegisterViewController.swift in Sources */ = {isa = PBXBuildFile; fileRef = 3FF1759B28B3E0A7003345FB /* RegisterViewController.swift */; };
		3FF1759E28B3E0C7003345FB /* LoginViewController.swift in Sources */ = {isa = PBXBuildFile; fileRef = 3FF1759D28B3E0C7003345FB /* LoginViewController.swift */; };
		3FF175A028B3E0E5003345FB /* ChatViewController.swift in Sources */ = {isa = PBXBuildFile; fileRef = 3FF1759F28B3E0E5003345FB /* ChatViewController.swift */; };
		69D3E67927614F0D5E17B38F /* Pods_ChatApp_ChatAppUITests.framework in Frameworks */ = {isa = PBXBuildFile; fileRef = 980A28C95B3A98AA43C5D074 /* Pods_ChatApp_ChatAppUITests.framework */; };
/* End PBXBuildFile section */

/* Begin PBXContainerItemProxy section */
		3FF1757928B3AF6A003345FB /* PBXContainerItemProxy */ = {
			isa = PBXContainerItemProxy;
			containerPortal = 3FF1755A28B3AF67003345FB /* Project object */;
			proxyType = 1;
			remoteGlobalIDString = 3FF1756128B3AF68003345FB;
			remoteInfo = ChatApp;
		};
		3FF1758328B3AF6A003345FB /* PBXContainerItemProxy */ = {
			isa = PBXContainerItemProxy;
			containerPortal = 3FF1755A28B3AF67003345FB /* Project object */;
			proxyType = 1;
			remoteGlobalIDString = 3FF1756128B3AF68003345FB;
			remoteInfo = ChatApp;
		};
/* End PBXContainerItemProxy section */

/* Begin PBXFileReference section */
		0A7743EA421DF02FF43D346F /* Pods-ChatAppTests.debug.xcconfig */ = {isa = PBXFileReference; includeInIndex = 1; lastKnownFileType = text.xcconfig; name = "Pods-ChatAppTests.debug.xcconfig"; path = "Target Support Files/Pods-ChatAppTests/Pods-ChatAppTests.debug.xcconfig"; sourceTree = "<group>"; };
		2D6831762FDF56A2C84E0DD2 /* Pods-ChatApp.debug.xcconfig */ = {isa = PBXFileReference; includeInIndex = 1; lastKnownFileType = text.xcconfig; name = "Pods-ChatApp.debug.xcconfig"; path = "Target Support Files/Pods-ChatApp/Pods-ChatApp.debug.xcconfig"; sourceTree = "<group>"; };
		3937E6F5EC07061CBB5ECC7A /* Pods-ChatApp-ChatAppUITests.release.xcconfig */ = {isa = PBXFileReference; includeInIndex = 1; lastKnownFileType = text.xcconfig; name = "Pods-ChatApp-ChatAppUITests.release.xcconfig"; path = "Target Support Files/Pods-ChatApp-ChatAppUITests/Pods-ChatApp-ChatAppUITests.release.xcconfig"; sourceTree = "<group>"; };
		3FF1756228B3AF68003345FB /* ChatApp.app */ = {isa = PBXFileReference; explicitFileType = wrapper.application; includeInIndex = 0; path = ChatApp.app; sourceTree = BUILT_PRODUCTS_DIR; };
		3FF1756528B3AF68003345FB /* AppDelegate.swift */ = {isa = PBXFileReference; lastKnownFileType = sourcecode.swift; path = AppDelegate.swift; sourceTree = "<group>"; };
		3FF1756728B3AF68003345FB /* SceneDelegate.swift */ = {isa = PBXFileReference; lastKnownFileType = sourcecode.swift; path = SceneDelegate.swift; sourceTree = "<group>"; };
		3FF1756C28B3AF68003345FB /* Base */ = {isa = PBXFileReference; lastKnownFileType = file.storyboard; name = Base; path = Base.lproj/Main.storyboard; sourceTree = "<group>"; };
		3FF1756E28B3AF6A003345FB /* Assets.xcassets */ = {isa = PBXFileReference; lastKnownFileType = folder.assetcatalog; path = Assets.xcassets; sourceTree = "<group>"; };
		3FF1757128B3AF6A003345FB /* Base */ = {isa = PBXFileReference; lastKnownFileType = file.storyboard; name = Base; path = Base.lproj/LaunchScreen.storyboard; sourceTree = "<group>"; };
		3FF1757328B3AF6A003345FB /* Info.plist */ = {isa = PBXFileReference; lastKnownFileType = text.plist.xml; path = Info.plist; sourceTree = "<group>"; };
		3FF1757828B3AF6A003345FB /* ChatAppTests.xctest */ = {isa = PBXFileReference; explicitFileType = wrapper.cfbundle; includeInIndex = 0; path = ChatAppTests.xctest; sourceTree = BUILT_PRODUCTS_DIR; };
		3FF1757C28B3AF6A003345FB /* ChatAppTests.swift */ = {isa = PBXFileReference; lastKnownFileType = sourcecode.swift; path = ChatAppTests.swift; sourceTree = "<group>"; };
		3FF1758228B3AF6A003345FB /* ChatAppUITests.xctest */ = {isa = PBXFileReference; explicitFileType = wrapper.cfbundle; includeInIndex = 0; path = ChatAppUITests.xctest; sourceTree = BUILT_PRODUCTS_DIR; };
		3FF1758628B3AF6A003345FB /* ChatAppUITests.swift */ = {isa = PBXFileReference; lastKnownFileType = sourcecode.swift; path = ChatAppUITests.swift; sourceTree = "<group>"; };
		3FF1758828B3AF6A003345FB /* ChatAppUITestsLaunchTests.swift */ = {isa = PBXFileReference; lastKnownFileType = sourcecode.swift; path = ChatAppUITestsLaunchTests.swift; sourceTree = "<group>"; };
		3FF1759528B3AFD7003345FB /* GoogleService-Info-2.plist */ = {isa = PBXFileReference; fileEncoding = 4; lastKnownFileType = text.plist.xml; name = "GoogleService-Info-2.plist"; path = "../../../../Downloads/GoogleService-Info-2.plist"; sourceTree = "<group>"; };
		3FF1759928B3E077003345FB /* WelcomeViewController.swift */ = {isa = PBXFileReference; lastKnownFileType = sourcecode.swift; path = WelcomeViewController.swift; sourceTree = "<group>"; };
		3FF1759B28B3E0A7003345FB /* RegisterViewController.swift */ = {isa = PBXFileReference; lastKnownFileType = sourcecode.swift; path = RegisterViewController.swift; sourceTree = "<group>"; };
		3FF1759D28B3E0C7003345FB /* LoginViewController.swift */ = {isa = PBXFileReference; lastKnownFileType = sourcecode.swift; path = LoginViewController.swift; sourceTree = "<group>"; };
		3FF1759F28B3E0E5003345FB /* ChatViewController.swift */ = {isa = PBXFileReference; lastKnownFileType = sourcecode.swift; path = ChatViewController.swift; sourceTree = "<group>"; };
		457FC90A8E95BF7CC38F5247 /* Pods-ChatApp-ChatAppUITests.debug.xcconfig */ = {isa = PBXFileReference; includeInIndex = 1; lastKnownFileType = text.xcconfig; name = "Pods-ChatApp-ChatAppUITests.debug.xcconfig"; path = "Target Support Files/Pods-ChatApp-ChatAppUITests/Pods-ChatApp-ChatAppUITests.debug.xcconfig"; sourceTree = "<group>"; };
		4CD17F0217FFB176C3704CB6 /* Pods_ChatApp.framework */ = {isa = PBXFileReference; explicitFileType = wrapper.framework; includeInIndex = 0; path = Pods_ChatApp.framework; sourceTree = BUILT_PRODUCTS_DIR; };
		980A28C95B3A98AA43C5D074 /* Pods_ChatApp_ChatAppUITests.framework */ = {isa = PBXFileReference; explicitFileType = wrapper.framework; includeInIndex = 0; path = Pods_ChatApp_ChatAppUITests.framework; sourceTree = BUILT_PRODUCTS_DIR; };
		A1A6B41C14A3B9824853689D /* Pods-ChatAppTests.release.xcconfig */ = {isa = PBXFileReference; includeInIndex = 1; lastKnownFileType = text.xcconfig; name = "Pods-ChatAppTests.release.xcconfig"; path = "Target Support Files/Pods-ChatAppTests/Pods-ChatAppTests.release.xcconfig"; sourceTree = "<group>"; };
		C86647881184D4C5E9468922 /* Pods-ChatApp.release.xcconfig */ = {isa = PBXFileReference; includeInIndex = 1; lastKnownFileType = text.xcconfig; name = "Pods-ChatApp.release.xcconfig"; path = "Target Support Files/Pods-ChatApp/Pods-ChatApp.release.xcconfig"; sourceTree = "<group>"; };
		CE41AFA33E5357B496D15B5C /* Pods_ChatAppTests.framework */ = {isa = PBXFileReference; explicitFileType = wrapper.framework; includeInIndex = 0; path = Pods_ChatAppTests.framework; sourceTree = BUILT_PRODUCTS_DIR; };
/* End PBXFileReference section */

/* Begin PBXFrameworksBuildPhase section */
		3FF1755F28B3AF68003345FB /* Frameworks */ = {
			isa = PBXFrameworksBuildPhase;
			buildActionMask = 2147483647;
			files = (
				1C703CDCF42C14E214174BE8 /* Pods_ChatApp.framework in Frameworks */,
			);
			runOnlyForDeploymentPostprocessing = 0;
		};
		3FF1757528B3AF6A003345FB /* Frameworks */ = {
			isa = PBXFrameworksBuildPhase;
			buildActionMask = 2147483647;
			files = (
				13FF0180F2FE2334179A591A /* Pods_ChatAppTests.framework in Frameworks */,
			);
			runOnlyForDeploymentPostprocessing = 0;
		};
		3FF1757F28B3AF6A003345FB /* Frameworks */ = {
			isa = PBXFrameworksBuildPhase;
			buildActionMask = 2147483647;
			files = (
				69D3E67927614F0D5E17B38F /* Pods_ChatApp_ChatAppUITests.framework in Frameworks */,
			);
			runOnlyForDeploymentPostprocessing = 0;
		};
/* End PBXFrameworksBuildPhase section */

/* Begin PBXGroup section */
		3FF1755928B3AF67003345FB = {
			isa = PBXGroup;
			children = (
				3FF1756428B3AF68003345FB /* ChatApp */,
				3FF1757B28B3AF6A003345FB /* ChatAppTests */,
				3FF1758528B3AF6A003345FB /* ChatAppUITests */,
				3FF1756328B3AF68003345FB /* Products */,
				FB9D8CEC29F737AF9DFE1F52 /* Pods */,
				F6A560D4BE4155A9200A1263 /* Frameworks */,
			);
			sourceTree = "<group>";
		};
		3FF1756328B3AF68003345FB /* Products */ = {
			isa = PBXGroup;
			children = (
				3FF1756228B3AF68003345FB /* ChatApp.app */,
				3FF1757828B3AF6A003345FB /* ChatAppTests.xctest */,
				3FF1758228B3AF6A003345FB /* ChatAppUITests.xctest */,
			);
			name = Products;
			sourceTree = "<group>";
		};
		3FF1756428B3AF68003345FB /* ChatApp */ = {
			isa = PBXGroup;
			children = (
				3FF1756528B3AF68003345FB /* AppDelegate.swift */,
				3FF1756728B3AF68003345FB /* SceneDelegate.swift */,
				3FF1759728B3E043003345FB /* Controller */,
				3FF1759828B3E04A003345FB /* View */,
				3FF1756E28B3AF6A003345FB /* Assets.xcassets */,
				3FF1757028B3AF6A003345FB /* LaunchScreen.storyboard */,
				3FF1757328B3AF6A003345FB /* Info.plist */,
				3FF1759528B3AFD7003345FB /* GoogleService-Info-2.plist */,
			);
			path = ChatApp;
			sourceTree = "<group>";
		};
		3FF1757B28B3AF6A003345FB /* ChatAppTests */ = {
			isa = PBXGroup;
			children = (
				3FF1757C28B3AF6A003345FB /* ChatAppTests.swift */,
			);
			path = ChatAppTests;
			sourceTree = "<group>";
		};
		3FF1758528B3AF6A003345FB /* ChatAppUITests */ = {
			isa = PBXGroup;
			children = (
				3FF1758628B3AF6A003345FB /* ChatAppUITests.swift */,
				3FF1758828B3AF6A003345FB /* ChatAppUITestsLaunchTests.swift */,
			);
			path = ChatAppUITests;
			sourceTree = "<group>";
		};
		3FF1759728B3E043003345FB /* Controller */ = {
			isa = PBXGroup;
			children = (
				3FF1759928B3E077003345FB /* WelcomeViewController.swift */,
				3FF1759B28B3E0A7003345FB /* RegisterViewController.swift */,
				3FF1759D28B3E0C7003345FB /* LoginViewController.swift */,
				3FF1759F28B3E0E5003345FB /* ChatViewController.swift */,
			);
			path = Controller;
			sourceTree = "<group>";
		};
		3FF1759828B3E04A003345FB /* View */ = {
			isa = PBXGroup;
			children = (
				3FF1756B28B3AF68003345FB /* Main.storyboard */,
			);
			path = View;
			sourceTree = "<group>";
		};
		F6A560D4BE4155A9200A1263 /* Frameworks */ = {
			isa = PBXGroup;
			children = (
				4CD17F0217FFB176C3704CB6 /* Pods_ChatApp.framework */,
				980A28C95B3A98AA43C5D074 /* Pods_ChatApp_ChatAppUITests.framework */,
				CE41AFA33E5357B496D15B5C /* Pods_ChatAppTests.framework */,
			);
			name = Frameworks;
			sourceTree = "<group>";
		};
		FB9D8CEC29F737AF9DFE1F52 /* Pods */ = {
			isa = PBXGroup;
			children = (
				2D6831762FDF56A2C84E0DD2 /* Pods-ChatApp.debug.xcconfig */,
				C86647881184D4C5E9468922 /* Pods-ChatApp.release.xcconfig */,
				457FC90A8E95BF7CC38F5247 /* Pods-ChatApp-ChatAppUITests.debug.xcconfig */,
				3937E6F5EC07061CBB5ECC7A /* Pods-ChatApp-ChatAppUITests.release.xcconfig */,
				0A7743EA421DF02FF43D346F /* Pods-ChatAppTests.debug.xcconfig */,
				A1A6B41C14A3B9824853689D /* Pods-ChatAppTests.release.xcconfig */,
			);
			path = Pods;
			sourceTree = "<group>";
		};
/* End PBXGroup section */

/* Begin PBXNativeTarget section */
		3FF1756128B3AF68003345FB /* ChatApp */ = {
			isa = PBXNativeTarget;
			buildConfigurationList = 3FF1758C28B3AF6A003345FB /* Build configuration list for PBXNativeTarget "ChatApp" */;
			buildPhases = (
				12A25EDBC230E1E124488A3E /* [CP] Check Pods Manifest.lock */,
				3FF1755E28B3AF68003345FB /* Sources */,
				3FF1755F28B3AF68003345FB /* Frameworks */,
				3FF1756028B3AF68003345FB /* Resources */,
				2540B88196899385056B931A /* [CP] Embed Pods Frameworks */,
			);
			buildRules = (
			);
			dependencies = (
			);
			name = ChatApp;
			productName = ChatApp;
			productReference = 3FF1756228B3AF68003345FB /* ChatApp.app */;
			productType = "com.apple.product-type.application";
		};
		3FF1757728B3AF6A003345FB /* ChatAppTests */ = {
			isa = PBXNativeTarget;
			buildConfigurationList = 3FF1758F28B3AF6A003345FB /* Build configuration list for PBXNativeTarget "ChatAppTests" */;
			buildPhases = (
				4F5FB6E413218CF98AE2CF39 /* [CP] Check Pods Manifest.lock */,
				3FF1757428B3AF6A003345FB /* Sources */,
				3FF1757528B3AF6A003345FB /* Frameworks */,
				3FF1757628B3AF6A003345FB /* Resources */,
			);
			buildRules = (
			);
			dependencies = (
				3FF1757A28B3AF6A003345FB /* PBXTargetDependency */,
			);
			name = ChatAppTests;
			productName = ChatAppTests;
			productReference = 3FF1757828B3AF6A003345FB /* ChatAppTests.xctest */;
			productType = "com.apple.product-type.bundle.unit-test";
		};
		3FF1758128B3AF6A003345FB /* ChatAppUITests */ = {
			isa = PBXNativeTarget;
			buildConfigurationList = 3FF1759228B3AF6A003345FB /* Build configuration list for PBXNativeTarget "ChatAppUITests" */;
			buildPhases = (
				C87EE23503AEE4AF1881D167 /* [CP] Check Pods Manifest.lock */,
				3FF1757E28B3AF6A003345FB /* Sources */,
				3FF1757F28B3AF6A003345FB /* Frameworks */,
				3FF1758028B3AF6A003345FB /* Resources */,
				1E0B75EA6DED75D8BC71B886 /* [CP] Embed Pods Frameworks */,
			);
			buildRules = (
			);
			dependencies = (
				3FF1758428B3AF6A003345FB /* PBXTargetDependency */,
			);
			name = ChatAppUITests;
			productName = ChatAppUITests;
			productReference = 3FF1758228B3AF6A003345FB /* ChatAppUITests.xctest */;
			productType = "com.apple.product-type.bundle.ui-testing";
		};
/* End PBXNativeTarget section */

/* Begin PBXProject section */
		3FF1755A28B3AF67003345FB /* Project object */ = {
			isa = PBXProject;
			attributes = {
				BuildIndependentTargetsInParallel = 1;
				LastSwiftUpdateCheck = 1340;
				LastUpgradeCheck = 1340;
				TargetAttributes = {
					3FF1756128B3AF68003345FB = {
						CreatedOnToolsVersion = 13.4.1;
					};
					3FF1757728B3AF6A003345FB = {
						CreatedOnToolsVersion = 13.4.1;
						TestTargetID = 3FF1756128B3AF68003345FB;
					};
					3FF1758128B3AF6A003345FB = {
						CreatedOnToolsVersion = 13.4.1;
						TestTargetID = 3FF1756128B3AF68003345FB;
					};
				};
			};
			buildConfigurationList = 3FF1755D28B3AF67003345FB /* Build configuration list for PBXProject "ChatApp" */;
			compatibilityVersion = "Xcode 13.0";
			developmentRegion = en;
			hasScannedForEncodings = 0;
			knownRegions = (
				en,
				Base,
			);
			mainGroup = 3FF1755928B3AF67003345FB;
			productRefGroup = 3FF1756328B3AF68003345FB /* Products */;
			projectDirPath = "";
			projectRoot = "";
			targets = (
				3FF1756128B3AF68003345FB /* ChatApp */,
				3FF1757728B3AF6A003345FB /* ChatAppTests */,
				3FF1758128B3AF6A003345FB /* ChatAppUITests */,
			);
		};
/* End PBXProject section */

/* Begin PBXResourcesBuildPhase section */
		3FF1756028B3AF68003345FB /* Resources */ = {
			isa = PBXResourcesBuildPhase;
			buildActionMask = 2147483647;
			files = (
				3FF1757228B3AF6A003345FB /* LaunchScreen.storyboard in Resources */,
				3FF1756F28B3AF6A003345FB /* Assets.xcassets in Resources */,
				3FF1759628B3AFD7003345FB /* GoogleService-Info-2.plist in Resources */,
				3FF1756D28B3AF68003345FB /* Main.storyboard in Resources */,
			);
			runOnlyForDeploymentPostprocessing = 0;
		};
		3FF1757628B3AF6A003345FB /* Resources */ = {
			isa = PBXResourcesBuildPhase;
			buildActionMask = 2147483647;
			files = (
			);
			runOnlyForDeploymentPostprocessing = 0;
		};
		3FF1758028B3AF6A003345FB /* Resources */ = {
			isa = PBXResourcesBuildPhase;
			buildActionMask = 2147483647;
			files = (
			);
			runOnlyForDeploymentPostprocessing = 0;
		};
/* End PBXResourcesBuildPhase section */

/* Begin PBXShellScriptBuildPhase section */
		12A25EDBC230E1E124488A3E /* [CP] Check Pods Manifest.lock */ = {
			isa = PBXShellScriptBuildPhase;
			buildActionMask = 2147483647;
			files = (
			);
			inputFileListPaths = (
			);
			inputPaths = (
				"${PODS_PODFILE_DIR_PATH}/Podfile.lock",
				"${PODS_ROOT}/Manifest.lock",
			);
			name = "[CP] Check Pods Manifest.lock";
			outputFileListPaths = (
			);
			outputPaths = (
				"$(DERIVED_FILE_DIR)/Pods-ChatApp-checkManifestLockResult.txt",
			);
			runOnlyForDeploymentPostprocessing = 0;
			shellPath = /bin/sh;
			shellScript = "diff \"${PODS_PODFILE_DIR_PATH}/Podfile.lock\" \"${PODS_ROOT}/Manifest.lock\" > /dev/null\nif [ $? != 0 ] ; then\n    # print error to STDERR\n    echo \"error: The sandbox is not in sync with the Podfile.lock. Run 'pod install' or update your CocoaPods installation.\" >&2\n    exit 1\nfi\n# This output is used by Xcode 'outputs' to avoid re-running this script phase.\necho \"SUCCESS\" > \"${SCRIPT_OUTPUT_FILE_0}\"\n";
			showEnvVarsInLog = 0;
		};
		1E0B75EA6DED75D8BC71B886 /* [CP] Embed Pods Frameworks */ = {
			isa = PBXShellScriptBuildPhase;
			buildActionMask = 2147483647;
			files = (
			);
			inputFileListPaths = (
				"${PODS_ROOT}/Target Support Files/Pods-ChatApp-ChatAppUITests/Pods-ChatApp-ChatAppUITests-frameworks-${CONFIGURATION}-input-files.xcfilelist",
			);
			name = "[CP] Embed Pods Frameworks";
			outputFileListPaths = (
				"${PODS_ROOT}/Target Support Files/Pods-ChatApp-ChatAppUITests/Pods-ChatApp-ChatAppUITests-frameworks-${CONFIGURATION}-output-files.xcfilelist",
			);
			runOnlyForDeploymentPostprocessing = 0;
			shellPath = /bin/sh;
			shellScript = "\"${PODS_ROOT}/Target Support Files/Pods-ChatApp-ChatAppUITests/Pods-ChatApp-ChatAppUITests-frameworks.sh\"\n";
			showEnvVarsInLog = 0;
		};
		2540B88196899385056B931A /* [CP] Embed Pods Frameworks */ = {
			isa = PBXShellScriptBuildPhase;
			buildActionMask = 2147483647;
			files = (
			);
			inputFileListPaths = (
				"${PODS_ROOT}/Target Support Files/Pods-ChatApp/Pods-ChatApp-frameworks-${CONFIGURATION}-input-files.xcfilelist",
			);
			name = "[CP] Embed Pods Frameworks";
			outputFileListPaths = (
				"${PODS_ROOT}/Target Support Files/Pods-ChatApp/Pods-ChatApp-frameworks-${CONFIGURATION}-output-files.xcfilelist",
			);
			runOnlyForDeploymentPostprocessing = 0;
			shellPath = /bin/sh;
			shellScript = "\"${PODS_ROOT}/Target Support Files/Pods-ChatApp/Pods-ChatApp-frameworks.sh\"\n";
			showEnvVarsInLog = 0;
		};
		4F5FB6E413218CF98AE2CF39 /* [CP] Check Pods Manifest.lock */ = {
			isa = PBXShellScriptBuildPhase;
			buildActionMask = 2147483647;
			files = (
			);
			inputFileListPaths = (
			);
			inputPaths = (
				"${PODS_PODFILE_DIR_PATH}/Podfile.lock",
				"${PODS_ROOT}/Manifest.lock",
			);
			name = "[CP] Check Pods Manifest.lock";
			outputFileListPaths = (
			);
			outputPaths = (
				"$(DERIVED_FILE_DIR)/Pods-ChatAppTests-checkManifestLockResult.txt",
			);
			runOnlyForDeploymentPostprocessing = 0;
			shellPath = /bin/sh;
			shellScript = "diff \"${PODS_PODFILE_DIR_PATH}/Podfile.lock\" \"${PODS_ROOT}/Manifest.lock\" > /dev/null\nif [ $? != 0 ] ; then\n    # print error to STDERR\n    echo \"error: The sandbox is not in sync with the Podfile.lock. Run 'pod install' or update your CocoaPods installation.\" >&2\n    exit 1\nfi\n# This output is used by Xcode 'outputs' to avoid re-running this script phase.\necho \"SUCCESS\" > \"${SCRIPT_OUTPUT_FILE_0}\"\n";
			showEnvVarsInLog = 0;
		};
		C87EE23503AEE4AF1881D167 /* [CP] Check Pods Manifest.lock */ = {
			isa = PBXShellScriptBuildPhase;
			buildActionMask = 2147483647;
			files = (
			);
			inputFileListPaths = (
			);
			inputPaths = (
				"${PODS_PODFILE_DIR_PATH}/Podfile.lock",
				"${PODS_ROOT}/Manifest.lock",
			);
			name = "[CP] Check Pods Manifest.lock";
			outputFileListPaths = (
			);
			outputPaths = (
				"$(DERIVED_FILE_DIR)/Pods-ChatApp-ChatAppUITests-checkManifestLockResult.txt",
			);
			runOnlyForDeploymentPostprocessing = 0;
			shellPath = /bin/sh;
			shellScript = "diff \"${PODS_PODFILE_DIR_PATH}/Podfile.lock\" \"${PODS_ROOT}/Manifest.lock\" > /dev/null\nif [ $? != 0 ] ; then\n    # print error to STDERR\n    echo \"error: The sandbox is not in sync with the Podfile.lock. Run 'pod install' or update your CocoaPods installation.\" >&2\n    exit 1\nfi\n# This output is used by Xcode 'outputs' to avoid re-running this script phase.\necho \"SUCCESS\" > \"${SCRIPT_OUTPUT_FILE_0}\"\n";
			showEnvVarsInLog = 0;
		};
/* End PBXShellScriptBuildPhase section */

/* Begin PBXSourcesBuildPhase section */
		3FF1755E28B3AF68003345FB /* Sources */ = {
			isa = PBXSourcesBuildPhase;
			buildActionMask = 2147483647;
			files = (
				3FF1759A28B3E077003345FB /* WelcomeViewController.swift in Sources */,
				3FF1756628B3AF68003345FB /* AppDelegate.swift in Sources */,
				3FF1756828B3AF68003345FB /* SceneDelegate.swift in Sources */,
				3FF1759E28B3E0C7003345FB /* LoginViewController.swift in Sources */,
				3FF175A028B3E0E5003345FB /* ChatViewController.swift in Sources */,
				3FF1759C28B3E0A7003345FB /* RegisterViewController.swift in Sources */,
			);
			runOnlyForDeploymentPostprocessing = 0;
		};
		3FF1757428B3AF6A003345FB /* Sources */ = {
			isa = PBXSourcesBuildPhase;
			buildActionMask = 2147483647;
			files = (
				3FF1757D28B3AF6A003345FB /* ChatAppTests.swift in Sources */,
			);
			runOnlyForDeploymentPostprocessing = 0;
		};
		3FF1757E28B3AF6A003345FB /* Sources */ = {
			isa = PBXSourcesBuildPhase;
			buildActionMask = 2147483647;
			files = (
				3FF1758928B3AF6A003345FB /* ChatAppUITestsLaunchTests.swift in Sources */,
				3FF1758728B3AF6A003345FB /* ChatAppUITests.swift in Sources */,
			);
			runOnlyForDeploymentPostprocessing = 0;
		};
/* End PBXSourcesBuildPhase section */

/* Begin PBXTargetDependency section */
		3FF1757A28B3AF6A003345FB /* PBXTargetDependency */ = {
			isa = PBXTargetDependency;
			target = 3FF1756128B3AF68003345FB /* ChatApp */;
			targetProxy = 3FF1757928B3AF6A003345FB /* PBXContainerItemProxy */;
		};
		3FF1758428B3AF6A003345FB /* PBXTargetDependency */ = {
			isa = PBXTargetDependency;
			target = 3FF1756128B3AF68003345FB /* ChatApp */;
			targetProxy = 3FF1758328B3AF6A003345FB /* PBXContainerItemProxy */;
		};
/* End PBXTargetDependency section */

/* Begin PBXVariantGroup section */
		3FF1756B28B3AF68003345FB /* Main.storyboard */ = {
			isa = PBXVariantGroup;
			children = (
				3FF1756C28B3AF68003345FB /* Base */,
			);
			name = Main.storyboard;
			sourceTree = "<group>";
		};
		3FF1757028B3AF6A003345FB /* LaunchScreen.storyboard */ = {
			isa = PBXVariantGroup;
			children = (
				3FF1757128B3AF6A003345FB /* Base */,
			);
			name = LaunchScreen.storyboard;
			sourceTree = "<group>";
		};
/* End PBXVariantGroup section */

/* Begin XCBuildConfiguration section */
		3FF1758A28B3AF6A003345FB /* Debug */ = {
			isa = XCBuildConfiguration;
			buildSettings = {
				ALWAYS_SEARCH_USER_PATHS = NO;
				CLANG_ANALYZER_NONNULL = YES;
				CLANG_ANALYZER_NUMBER_OBJECT_CONVERSION = YES_AGGRESSIVE;
				CLANG_CXX_LANGUAGE_STANDARD = "gnu++17";
				CLANG_ENABLE_MODULES = YES;
				CLANG_ENABLE_OBJC_ARC = YES;
				CLANG_ENABLE_OBJC_WEAK = YES;
				CLANG_WARN_BLOCK_CAPTURE_AUTORELEASING = YES;
				CLANG_WARN_BOOL_CONVERSION = YES;
				CLANG_WARN_COMMA = YES;
				CLANG_WARN_CONSTANT_CONVERSION = YES;
				CLANG_WARN_DEPRECATED_OBJC_IMPLEMENTATIONS = YES;
				CLANG_WARN_DIRECT_OBJC_ISA_USAGE = YES_ERROR;
				CLANG_WARN_DOCUMENTATION_COMMENTS = YES;
				CLANG_WARN_EMPTY_BODY = YES;
				CLANG_WARN_ENUM_CONVERSION = YES;
				CLANG_WARN_INFINITE_RECURSION = YES;
				CLANG_WARN_INT_CONVERSION = YES;
				CLANG_WARN_NON_LITERAL_NULL_CONVERSION = YES;
				CLANG_WARN_OBJC_IMPLICIT_RETAIN_SELF = YES;
				CLANG_WARN_OBJC_LITERAL_CONVERSION = YES;
				CLANG_WARN_OBJC_ROOT_CLASS = YES_ERROR;
				CLANG_WARN_QUOTED_INCLUDE_IN_FRAMEWORK_HEADER = YES;
				CLANG_WARN_RANGE_LOOP_ANALYSIS = YES;
				CLANG_WARN_STRICT_PROTOTYPES = YES;
				CLANG_WARN_SUSPICIOUS_MOVE = YES;
				CLANG_WARN_UNGUARDED_AVAILABILITY = YES_AGGRESSIVE;
				CLANG_WARN_UNREACHABLE_CODE = YES;
				CLANG_WARN__DUPLICATE_METHOD_MATCH = YES;
				COPY_PHASE_STRIP = NO;
				DEBUG_INFORMATION_FORMAT = dwarf;
				ENABLE_STRICT_OBJC_MSGSEND = YES;
				ENABLE_TESTABILITY = YES;
				GCC_C_LANGUAGE_STANDARD = gnu11;
				GCC_DYNAMIC_NO_PIC = NO;
				GCC_NO_COMMON_BLOCKS = YES;
				GCC_OPTIMIZATION_LEVEL = 0;
				GCC_PREPROCESSOR_DEFINITIONS = (
					"DEBUG=1",
					"$(inherited)",
				);
				GCC_WARN_64_TO_32_BIT_CONVERSION = YES;
				GCC_WARN_ABOUT_RETURN_TYPE = YES_ERROR;
				GCC_WARN_UNDECLARED_SELECTOR = YES;
				GCC_WARN_UNINITIALIZED_AUTOS = YES_AGGRESSIVE;
				GCC_WARN_UNUSED_FUNCTION = YES;
				GCC_WARN_UNUSED_VARIABLE = YES;
				IPHONEOS_DEPLOYMENT_TARGET = 15.5;
				MTL_ENABLE_DEBUG_INFO = INCLUDE_SOURCE;
				MTL_FAST_MATH = YES;
				ONLY_ACTIVE_ARCH = YES;
				SDKROOT = iphoneos;
				SWIFT_ACTIVE_COMPILATION_CONDITIONS = DEBUG;
				SWIFT_OPTIMIZATION_LEVEL = "-Onone";
			};
			name = Debug;
		};
		3FF1758B28B3AF6A003345FB /* Release */ = {
			isa = XCBuildConfiguration;
			buildSettings = {
				ALWAYS_SEARCH_USER_PATHS = NO;
				CLANG_ANALYZER_NONNULL = YES;
				CLANG_ANALYZER_NUMBER_OBJECT_CONVERSION = YES_AGGRESSIVE;
				CLANG_CXX_LANGUAGE_STANDARD = "gnu++17";
				CLANG_ENABLE_MODULES = YES;
				CLANG_ENABLE_OBJC_ARC = YES;
				CLANG_ENABLE_OBJC_WEAK = YES;
				CLANG_WARN_BLOCK_CAPTURE_AUTORELEASING = YES;
				CLANG_WARN_BOOL_CONVERSION = YES;
				CLANG_WARN_COMMA = YES;
				CLANG_WARN_CONSTANT_CONVERSION = YES;
				CLANG_WARN_DEPRECATED_OBJC_IMPLEMENTATIONS = YES;
				CLANG_WARN_DIRECT_OBJC_ISA_USAGE = YES_ERROR;
				CLANG_WARN_DOCUMENTATION_COMMENTS = YES;
				CLANG_WARN_EMPTY_BODY = YES;
				CLANG_WARN_ENUM_CONVERSION = YES;
				CLANG_WARN_INFINITE_RECURSION = YES;
				CLANG_WARN_INT_CONVERSION = YES;
				CLANG_WARN_NON_LITERAL_NULL_CONVERSION = YES;
				CLANG_WARN_OBJC_IMPLICIT_RETAIN_SELF = YES;
				CLANG_WARN_OBJC_LITERAL_CONVERSION = YES;
				CLANG_WARN_OBJC_ROOT_CLASS = YES_ERROR;
				CLANG_WARN_QUOTED_INCLUDE_IN_FRAMEWORK_HEADER = YES;
				CLANG_WARN_RANGE_LOOP_ANALYSIS = YES;
				CLANG_WARN_STRICT_PROTOTYPES = YES;
				CLANG_WARN_SUSPICIOUS_MOVE = YES;
				CLANG_WARN_UNGUARDED_AVAILABILITY = YES_AGGRESSIVE;
				CLANG_WARN_UNREACHABLE_CODE = YES;
				CLANG_WARN__DUPLICATE_METHOD_MATCH = YES;
				COPY_PHASE_STRIP = NO;
				DEBUG_INFORMATION_FORMAT = "dwarf-with-dsym";
				ENABLE_NS_ASSERTIONS = NO;
				ENABLE_STRICT_OBJC_MSGSEND = YES;
				GCC_C_LANGUAGE_STANDARD = gnu11;
				GCC_NO_COMMON_BLOCKS = YES;
				GCC_WARN_64_TO_32_BIT_CONVERSION = YES;
				GCC_WARN_ABOUT_RETURN_TYPE = YES_ERROR;
				GCC_WARN_UNDECLARED_SELECTOR = YES;
				GCC_WARN_UNINITIALIZED_AUTOS = YES_AGGRESSIVE;
				GCC_WARN_UNUSED_FUNCTION = YES;
				GCC_WARN_UNUSED_VARIABLE = YES;
				IPHONEOS_DEPLOYMENT_TARGET = 15.5;
				MTL_ENABLE_DEBUG_INFO = NO;
				MTL_FAST_MATH = YES;
				SDKROOT = iphoneos;
				SWIFT_COMPILATION_MODE = wholemodule;
				SWIFT_OPTIMIZATION_LEVEL = "-O";
				VALIDATE_PRODUCT = YES;
			};
			name = Release;
		};
		3FF1758D28B3AF6A003345FB /* Debug */ = {
			isa = XCBuildConfiguration;
			baseConfigurationReference = 2D6831762FDF56A2C84E0DD2 /* Pods-ChatApp.debug.xcconfig */;
			buildSettings = {
				ASSETCATALOG_COMPILER_APPICON_NAME = AppIcon;
				ASSETCATALOG_COMPILER_GLOBAL_ACCENT_COLOR_NAME = AccentColor;
				CODE_SIGN_STYLE = Automatic;
				CURRENT_PROJECT_VERSION = 1;
				DEVELOPMENT_TEAM = 48Z2DS9MBQ;
				GENERATE_INFOPLIST_FILE = YES;
				INFOPLIST_FILE = ChatApp/Info.plist;
				INFOPLIST_KEY_UIApplicationSupportsIndirectInputEvents = YES;
				INFOPLIST_KEY_UILaunchStoryboardName = LaunchScreen;
				INFOPLIST_KEY_UIMainStoryboardFile = Main;
				INFOPLIST_KEY_UISupportedInterfaceOrientations_iPad = "UIInterfaceOrientationPortrait UIInterfaceOrientationPortraitUpsideDown UIInterfaceOrientationLandscapeLeft UIInterfaceOrientationLandscapeRight";
				INFOPLIST_KEY_UISupportedInterfaceOrientations_iPhone = "UIInterfaceOrientationPortrait UIInterfaceOrientationLandscapeLeft UIInterfaceOrientationLandscapeRight";
				LD_RUNPATH_SEARCH_PATHS = (
					"$(inherited)",
					"@executable_path/Frameworks",
				);
				MARKETING_VERSION = 1.0;
				PRODUCT_BUNDLE_IDENTIFIER = com.willy.ChatApp;
				PRODUCT_NAME = "$(TARGET_NAME)";
				SWIFT_EMIT_LOC_STRINGS = YES;
				SWIFT_VERSION = 5.0;
				TARGETED_DEVICE_FAMILY = "1,2";
			};
			name = Debug;
		};
		3FF1758E28B3AF6A003345FB /* Release */ = {
			isa = XCBuildConfiguration;
			baseConfigurationReference = C86647881184D4C5E9468922 /* Pods-ChatApp.release.xcconfig */;
			buildSettings = {
				ASSETCATALOG_COMPILER_APPICON_NAME = AppIcon;
				ASSETCATALOG_COMPILER_GLOBAL_ACCENT_COLOR_NAME = AccentColor;
				CODE_SIGN_STYLE = Automatic;
				CURRENT_PROJECT_VERSION = 1;
				DEVELOPMENT_TEAM = 48Z2DS9MBQ;
				GENERATE_INFOPLIST_FILE = YES;
				INFOPLIST_FILE = ChatApp/Info.plist;
				INFOPLIST_KEY_UIApplicationSupportsIndirectInputEvents = YES;
				INFOPLIST_KEY_UILaunchStoryboardName = LaunchScreen;
				INFOPLIST_KEY_UIMainStoryboardFile = Main;
				INFOPLIST_KEY_UISupportedInterfaceOrientations_iPad = "UIInterfaceOrientationPortrait UIInterfaceOrientationPortraitUpsideDown UIInterfaceOrientationLandscapeLeft UIInterfaceOrientationLandscapeRight";
				INFOPLIST_KEY_UISupportedInterfaceOrientations_iPhone = "UIInterfaceOrientationPortrait UIInterfaceOrientationLandscapeLeft UIInterfaceOrientationLandscapeRight";
				LD_RUNPATH_SEARCH_PATHS = (
					"$(inherited)",
					"@executable_path/Frameworks",
				);
				MARKETING_VERSION = 1.0;
				PRODUCT_BUNDLE_IDENTIFIER = com.willy.ChatApp;
				PRODUCT_NAME = "$(TARGET_NAME)";
				SWIFT_EMIT_LOC_STRINGS = YES;
				SWIFT_VERSION = 5.0;
				TARGETED_DEVICE_FAMILY = "1,2";
			};
			name = Release;
		};
		3FF1759028B3AF6A003345FB /* Debug */ = {
			isa = XCBuildConfiguration;
			baseConfigurationReference = 0A7743EA421DF02FF43D346F /* Pods-ChatAppTests.debug.xcconfig */;
			buildSettings = {
				ALWAYS_EMBED_SWIFT_STANDARD_LIBRARIES = YES;
				BUNDLE_LOADER = "$(TEST_HOST)";
				CODE_SIGN_STYLE = Automatic;
				CURRENT_PROJECT_VERSION = 1;
				DEVELOPMENT_TEAM = 48Z2DS9MBQ;
				GENERATE_INFOPLIST_FILE = YES;
				IPHONEOS_DEPLOYMENT_TARGET = 15.5;
				MARKETING_VERSION = 1.0;
				PRODUCT_BUNDLE_IDENTIFIER = com.willy.ChatAppTests;
				PRODUCT_NAME = "$(TARGET_NAME)";
				SWIFT_EMIT_LOC_STRINGS = NO;
				SWIFT_VERSION = 5.0;
				TARGETED_DEVICE_FAMILY = "1,2";
				TEST_HOST = "$(BUILT_PRODUCTS_DIR)/ChatApp.app/ChatApp";
			};
			name = Debug;
		};
		3FF1759128B3AF6A003345FB /* Release */ = {
			isa = XCBuildConfiguration;
			baseConfigurationReference = A1A6B41C14A3B9824853689D /* Pods-ChatAppTests.release.xcconfig */;
			buildSettings = {
				ALWAYS_EMBED_SWIFT_STANDARD_LIBRARIES = YES;
				BUNDLE_LOADER = "$(TEST_HOST)";
				CODE_SIGN_STYLE = Automatic;
				CURRENT_PROJECT_VERSION = 1;
				DEVELOPMENT_TEAM = 48Z2DS9MBQ;
				GENERATE_INFOPLIST_FILE = YES;
				IPHONEOS_DEPLOYMENT_TARGET = 15.5;
				MARKETING_VERSION = 1.0;
				PRODUCT_BUNDLE_IDENTIFIER = com.willy.ChatAppTests;
				PRODUCT_NAME = "$(TARGET_NAME)";
				SWIFT_EMIT_LOC_STRINGS = NO;
				SWIFT_VERSION = 5.0;
				TARGETED_DEVICE_FAMILY = "1,2";
				TEST_HOST = "$(BUILT_PRODUCTS_DIR)/ChatApp.app/ChatApp";
			};
			name = Release;
		};
		3FF1759328B3AF6A003345FB /* Debug */ = {
			isa = XCBuildConfiguration;
			baseConfigurationReference = 457FC90A8E95BF7CC38F5247 /* Pods-ChatApp-ChatAppUITests.debug.xcconfig */;
			buildSettings = {
				ALWAYS_EMBED_SWIFT_STANDARD_LIBRARIES = YES;
				CODE_SIGN_STYLE = Automatic;
				CURRENT_PROJECT_VERSION = 1;
				DEVELOPMENT_TEAM = 48Z2DS9MBQ;
				GENERATE_INFOPLIST_FILE = YES;
				MARKETING_VERSION = 1.0;
				PRODUCT_BUNDLE_IDENTIFIER = com.willy.ChatAppUITests;
				PRODUCT_NAME = "$(TARGET_NAME)";
				SWIFT_EMIT_LOC_STRINGS = NO;
				SWIFT_VERSION = 5.0;
				TARGETED_DEVICE_FAMILY = "1,2";
				TEST_TARGET_NAME = ChatApp;
			};
			name = Debug;
		};
		3FF1759428B3AF6A003345FB /* Release */ = {
			isa = XCBuildConfiguration;
			baseConfigurationReference = 3937E6F5EC07061CBB5ECC7A /* Pods-ChatApp-ChatAppUITests.release.xcconfig */;
			buildSettings = {
				ALWAYS_EMBED_SWIFT_STANDARD_LIBRARIES = YES;
				CODE_SIGN_STYLE = Automatic;
				CURRENT_PROJECT_VERSION = 1;
				DEVELOPMENT_TEAM = 48Z2DS9MBQ;
				GENERATE_INFOPLIST_FILE = YES;
				MARKETING_VERSION = 1.0;
				PRODUCT_BUNDLE_IDENTIFIER = com.willy.ChatAppUITests;
				PRODUCT_NAME = "$(TARGET_NAME)";
				SWIFT_EMIT_LOC_STRINGS = NO;
				SWIFT_VERSION = 5.0;
				TARGETED_DEVICE_FAMILY = "1,2";
				TEST_TARGET_NAME = ChatApp;
			};
			name = Release;
		};
/* End XCBuildConfiguration section */

/* Begin XCConfigurationList section */
		3FF1755D28B3AF67003345FB /* Build configuration list for PBXProject "ChatApp" */ = {
			isa = XCConfigurationList;
			buildConfigurations = (
				3FF1758A28B3AF6A003345FB /* Debug */,
				3FF1758B28B3AF6A003345FB /* Release */,
			);
			defaultConfigurationIsVisible = 0;
			defaultConfigurationName = Release;
		};
		3FF1758C28B3AF6A003345FB /* Build configuration list for PBXNativeTarget "ChatApp" */ = {
			isa = XCConfigurationList;
			buildConfigurations = (
				3FF1758D28B3AF6A003345FB /* Debug */,
				3FF1758E28B3AF6A003345FB /* Release */,
			);
			defaultConfigurationIsVisible = 0;
			defaultConfigurationName = Release;
		};
		3FF1758F28B3AF6A003345FB /* Build configuration list for PBXNativeTarget "ChatAppTests" */ = {
			isa = XCConfigurationList;
			buildConfigurations = (
				3FF1759028B3AF6A003345FB /* Debug */,
				3FF1759128B3AF6A003345FB /* Release */,
			);
			defaultConfigurationIsVisible = 0;
			defaultConfigurationName = Release;
		};
		3FF1759228B3AF6A003345FB /* Build configuration list for PBXNativeTarget "ChatAppUITests" */ = {
			isa = XCConfigurationList;
			buildConfigurations = (
				3FF1759328B3AF6A003345FB /* Debug */,
				3FF1759428B3AF6A003345FB /* Release */,
			);
			defaultConfigurationIsVisible = 0;
			defaultConfigurationName = Release;
		};
/* End XCConfigurationList section */
	};
	rootObject = 3FF1755A28B3AF67003345FB /* Project object */;
}
